<?xml version="1.0" encoding="utf-8"?>
<Project ToolsVersion="4.0" xmlns="http://schemas.microsoft.com/developer/msbuild/2003">
  <ItemGroup>
    <Filter Include="Level 1">
      <UniqueIdentifier>{ad5c5090-b8b7-4283-8392-169aac66a197}</UniqueIdentifier>
    </Filter>
    <Filter Include="Level 2">
      <UniqueIdentifier>{d443fdff-e2e3-4a39-97bf-374e38244cbe}</UniqueIdentifier>
    </Filter>
  </ItemGroup>
  <ItemGroup>
    <ClCompile Include="모의고사.cpp">
      <Filter>Level 1</Filter>
    </ClCompile>
    <ClCompile Include="K번째수.cpp">
      <Filter>Level 1</Filter>
    </ClCompile>
    <ClCompile Include="체육복.cpp">
      <Filter>Level 1</Filter>
    </ClCompile>
    <ClCompile Include="2016년.cpp">
      <Filter>Level 1</Filter>
    </ClCompile>
    <ClCompile Include="가운데 글자 가져오기.cpp">
      <Filter>Level 1</Filter>
    </ClCompile>
    <ClCompile Include="문자열 내 마음대로 정렬하기.cpp">
      <Filter>Level 1</Filter>
    </ClCompile>
    <ClCompile Include="서울에서 김서방 찾기.cpp">
      <Filter>Level 1</Filter>
    </ClCompile>
    <ClCompile Include="소수 찾기.cpp">
      <Filter>Level 1</Filter>
    </ClCompile>
    <ClCompile Include="이상한 문자 만들기.cpp">
      <Filter>Level 1</Filter>
    </ClCompile>
    <ClCompile Include="자릿수 더하기.cpp">
      <Filter>Level 1</Filter>
    </ClCompile>
    <ClCompile Include="키패드 누르기.cpp">
      <Filter>Level 1</Filter>
    </ClCompile>
    <ClCompile Include="[1차] 비밀지도.cpp">
      <Filter>Level 1</Filter>
    </ClCompile>
    <ClCompile Include="실패율.cpp">
      <Filter>Level 1</Filter>
    </ClCompile>
    <ClCompile Include="[1차] 다트 게임.cpp">
      <Filter>Level 1</Filter>
    </ClCompile>
    <ClCompile Include="시저 암호.cpp">
      <Filter>Level 1</Filter>
    </ClCompile>
    <ClCompile Include="프린터.cpp">
      <Filter>Level 2</Filter>
    </ClCompile>
    <ClCompile Include="124 나라의 숫자.cpp">
      <Filter>Level 2</Filter>
    </ClCompile>
    <ClCompile Include="기능개발.cpp">
      <Filter>Level 2</Filter>
    </ClCompile>
    <ClCompile Include="스킬트리.cpp">
      <Filter>Level 2</Filter>
    </ClCompile>
    <ClCompile Include="주식가격.cpp">
      <Filter>Level 2</Filter>
    </ClCompile>
    <ClCompile Include="다리를 지나는 트럭.cpp">
      <Filter>Level 2</Filter>
    </ClCompile>
  </ItemGroup>
</Project>